// !$*UTF8*$!
{
	archiveVersion = 1;
	classes = {
	};
	objectVersion = 56;
	objects = {

/* Begin PBXBuildFile section */
		53196C4D2C7DD62A00669C17 /* NSString+XXExtension.m in Sources */ = {isa = PBXBuildFile; fileRef = 53196C4C2C7DD62A00669C17 /* NSString+XXExtension.m */; };
		53196C562C7DE7B200669C17 /* XXStringTool.m in Sources */ = {isa = PBXBuildFile; fileRef = 53196C552C7DE7B200669C17 /* XXStringTool.m */; };
		53196C5A2C7F0EE900669C17 /* XXKeychainTool.m in Sources */ = {isa = PBXBuildFile; fileRef = 53196C592C7F0EE900669C17 /* XXKeychainTool.m */; };
		532253562C74745500288635 /* AppDelegate.m in Sources */ = {isa = PBXBuildFile; fileRef = 532253552C74745500288635 /* AppDelegate.m */; };
		532253592C74745500288635 /* SceneDelegate.m in Sources */ = {isa = PBXBuildFile; fileRef = 532253582C74745500288635 /* SceneDelegate.m */; };
		5322535C2C74745500288635 /* ViewController.m in Sources */ = {isa = PBXBuildFile; fileRef = 5322535B2C74745500288635 /* ViewController.m */; };
		5322535F2C74745500288635 /* Base in Resources */ = {isa = PBXBuildFile; fileRef = 5322535E2C74745500288635 /* Base */; };
		532253612C74745600288635 /* Assets.xcassets in Resources */ = {isa = PBXBuildFile; fileRef = 532253602C74745600288635 /* Assets.xcassets */; };
		532253642C74745600288635 /* Base in Resources */ = {isa = PBXBuildFile; fileRef = 532253632C74745600288635 /* Base */; };
		532253672C74745600288635 /* main.m in Sources */ = {isa = PBXBuildFile; fileRef = 532253662C74745600288635 /* main.m */; };
		532253702C7474D100288635 /* XXViewControllerTool.m in Sources */ = {isa = PBXBuildFile; fileRef = 5322536F2C7474D100288635 /* XXViewControllerTool.m */; };
		532253732C7488B500288635 /* FirstViewController.m in Sources */ = {isa = PBXBuildFile; fileRef = 532253722C7488B500288635 /* FirstViewController.m */; };
		532253762C7488C800288635 /* SecondViewController.m in Sources */ = {isa = PBXBuildFile; fileRef = 532253752C7488C800288635 /* SecondViewController.m */; };
		532253792C7488DC00288635 /* ThirdViewController.m in Sources */ = {isa = PBXBuildFile; fileRef = 532253782C7488DC00288635 /* ThirdViewController.m */; };
		5322537C2C748BF900288635 /* CustomViewController.m in Sources */ = {isa = PBXBuildFile; fileRef = 5322537B2C748BF900288635 /* CustomViewController.m */; };
		532253802C75898A00288635 /* XXAppTool.m in Sources */ = {isa = PBXBuildFile; fileRef = 5322537F2C75898A00288635 /* XXAppTool.m */; };
		532253832C758CE200288635 /* XXDeviceTool.m in Sources */ = {isa = PBXBuildFile; fileRef = 532253822C758CE200288635 /* XXDeviceTool.m */; };
/* End PBXBuildFile section */

/* Begin PBXFileReference section */
		53196C4B2C7DD62A00669C17 /* NSString+XXExtension.h */ = {isa = PBXFileReference; lastKnownFileType = sourcecode.c.h; path = "NSString+XXExtension.h"; sourceTree = "<group>"; };
		53196C4C2C7DD62A00669C17 /* NSString+XXExtension.m */ = {isa = PBXFileReference; lastKnownFileType = sourcecode.c.objc; path = "NSString+XXExtension.m"; sourceTree = "<group>"; };
		53196C542C7DE7B200669C17 /* XXStringTool.h */ = {isa = PBXFileReference; lastKnownFileType = sourcecode.c.h; path = XXStringTool.h; sourceTree = "<group>"; };
		53196C552C7DE7B200669C17 /* XXStringTool.m */ = {isa = PBXFileReference; lastKnownFileType = sourcecode.c.objc; path = XXStringTool.m; sourceTree = "<group>"; };
		53196C582C7F0EE900669C17 /* XXKeychainTool.h */ = {isa = PBXFileReference; lastKnownFileType = sourcecode.c.h; path = XXKeychainTool.h; sourceTree = "<group>"; };
		53196C592C7F0EE900669C17 /* XXKeychainTool.m */ = {isa = PBXFileReference; lastKnownFileType = sourcecode.c.objc; path = XXKeychainTool.m; sourceTree = "<group>"; };
		532253512C74745500288635 /* iostoolsdemo.app */ = {isa = PBXFileReference; explicitFileType = wrapper.application; includeInIndex = 0; path = iostoolsdemo.app; sourceTree = BUILT_PRODUCTS_DIR; };
		532253542C74745500288635 /* AppDelegate.h */ = {isa = PBXFileReference; lastKnownFileType = sourcecode.c.h; path = AppDelegate.h; sourceTree = "<group>"; };
		532253552C74745500288635 /* AppDelegate.m */ = {isa = PBXFileReference; lastKnownFileType = sourcecode.c.objc; path = AppDelegate.m; sourceTree = "<group>"; };
		532253572C74745500288635 /* SceneDelegate.h */ = {isa = PBXFileReference; lastKnownFileType = sourcecode.c.h; path = SceneDelegate.h; sourceTree = "<group>"; };
		532253582C74745500288635 /* SceneDelegate.m */ = {isa = PBXFileReference; lastKnownFileType = sourcecode.c.objc; path = SceneDelegate.m; sourceTree = "<group>"; };
		5322535A2C74745500288635 /* ViewController.h */ = {isa = PBXFileReference; lastKnownFileType = sourcecode.c.h; path = ViewController.h; sourceTree = "<group>"; };
		5322535B2C74745500288635 /* ViewController.m */ = {isa = PBXFileReference; lastKnownFileType = sourcecode.c.objc; path = ViewController.m; sourceTree = "<group>"; };
		5322535E2C74745500288635 /* Base */ = {isa = PBXFileReference; lastKnownFileType = file.storyboard; name = Base; path = Base.lproj/Main.storyboard; sourceTree = "<group>"; };
		532253602C74745600288635 /* Assets.xcassets */ = {isa = PBXFileReference; lastKnownFileType = folder.assetcatalog; path = Assets.xcassets; sourceTree = "<group>"; };
		532253632C74745600288635 /* Base */ = {isa = PBXFileReference; lastKnownFileType = file.storyboard; name = Base; path = Base.lproj/LaunchScreen.storyboard; sourceTree = "<group>"; };
		532253652C74745600288635 /* Info.plist */ = {isa = PBXFileReference; lastKnownFileType = text.plist.xml; path = Info.plist; sourceTree = "<group>"; };
		532253662C74745600288635 /* main.m */ = {isa = PBXFileReference; lastKnownFileType = sourcecode.c.objc; path = main.m; sourceTree = "<group>"; };
		5322536E2C7474D100288635 /* XXViewControllerTool.h */ = {isa = PBXFileReference; lastKnownFileType = sourcecode.c.h; path = XXViewControllerTool.h; sourceTree = "<group>"; };
		5322536F2C7474D100288635 /* XXViewControllerTool.m */ = {isa = PBXFileReference; lastKnownFileType = sourcecode.c.objc; path = XXViewControllerTool.m; sourceTree = "<group>"; };
		532253712C7488B500288635 /* FirstViewController.h */ = {isa = PBXFileReference; lastKnownFileType = sourcecode.c.h; path = FirstViewController.h; sourceTree = "<group>"; };
		532253722C7488B500288635 /* FirstViewController.m */ = {isa = PBXFileReference; lastKnownFileType = sourcecode.c.objc; path = FirstViewController.m; sourceTree = "<group>"; };
		532253742C7488C800288635 /* SecondViewController.h */ = {isa = PBXFileReference; lastKnownFileType = sourcecode.c.h; path = SecondViewController.h; sourceTree = "<group>"; };
		532253752C7488C800288635 /* SecondViewController.m */ = {isa = PBXFileReference; lastKnownFileType = sourcecode.c.objc; path = SecondViewController.m; sourceTree = "<group>"; };
		532253772C7488DC00288635 /* ThirdViewController.h */ = {isa = PBXFileReference; lastKnownFileType = sourcecode.c.h; path = ThirdViewController.h; sourceTree = "<group>"; };
		532253782C7488DC00288635 /* ThirdViewController.m */ = {isa = PBXFileReference; lastKnownFileType = sourcecode.c.objc; path = ThirdViewController.m; sourceTree = "<group>"; };
		5322537A2C748BF900288635 /* CustomViewController.h */ = {isa = PBXFileReference; lastKnownFileType = sourcecode.c.h; path = CustomViewController.h; sourceTree = "<group>"; };
		5322537B2C748BF900288635 /* CustomViewController.m */ = {isa = PBXFileReference; lastKnownFileType = sourcecode.c.objc; path = CustomViewController.m; sourceTree = "<group>"; };
		5322537E2C75898A00288635 /* XXAppTool.h */ = {isa = PBXFileReference; lastKnownFileType = sourcecode.c.h; path = XXAppTool.h; sourceTree = "<group>"; };
		5322537F2C75898A00288635 /* XXAppTool.m */ = {isa = PBXFileReference; lastKnownFileType = sourcecode.c.objc; path = XXAppTool.m; sourceTree = "<group>"; };
		532253812C758CE200288635 /* XXDeviceTool.h */ = {isa = PBXFileReference; lastKnownFileType = sourcecode.c.h; path = XXDeviceTool.h; sourceTree = "<group>"; };
		532253822C758CE200288635 /* XXDeviceTool.m */ = {isa = PBXFileReference; lastKnownFileType = sourcecode.c.objc; path = XXDeviceTool.m; sourceTree = "<group>"; };
/* End PBXFileReference section */

/* Begin PBXFrameworksBuildPhase section */
		5322534E2C74745500288635 /* Frameworks */ = {
			isa = PBXFrameworksBuildPhase;
			buildActionMask = 2147483647;
			files = (
			);
			runOnlyForDeploymentPostprocessing = 0;
		};
/* End PBXFrameworksBuildPhase section */

/* Begin PBXGroup section */
		53196C4A2C7DD59F00669C17 /* XXCategory */ = {
			isa = PBXGroup;
			children = (
				53196C4B2C7DD62A00669C17 /* NSString+XXExtension.h */,
				53196C4C2C7DD62A00669C17 /* NSString+XXExtension.m */,
			);
			path = XXCategory;
			sourceTree = "<group>";
		};
		532253482C74745500288635 = {
			isa = PBXGroup;
			children = (
				532253532C74745500288635 /* iostoolsdemo */,
				532253522C74745500288635 /* Products */,
			);
			sourceTree = "<group>";
		};
		532253522C74745500288635 /* Products */ = {
			isa = PBXGroup;
			children = (
				532253512C74745500288635 /* iostoolsdemo.app */,
			);
			name = Products;
			sourceTree = "<group>";
		};
		532253532C74745500288635 /* iostoolsdemo */ = {
			isa = PBXGroup;
			children = (
				53196C4A2C7DD59F00669C17 /* XXCategory */,
				5322536D2C74746F00288635 /* XXTools */,
				532253542C74745500288635 /* AppDelegate.h */,
				532253552C74745500288635 /* AppDelegate.m */,
				532253572C74745500288635 /* SceneDelegate.h */,
				532253582C74745500288635 /* SceneDelegate.m */,
				5322535A2C74745500288635 /* ViewController.h */,
				5322535B2C74745500288635 /* ViewController.m */,
				5322537A2C748BF900288635 /* CustomViewController.h */,
				5322537B2C748BF900288635 /* CustomViewController.m */,
				532253712C7488B500288635 /* FirstViewController.h */,
				532253722C7488B500288635 /* FirstViewController.m */,
				532253742C7488C800288635 /* SecondViewController.h */,
				532253752C7488C800288635 /* SecondViewController.m */,
				532253772C7488DC00288635 /* ThirdViewController.h */,
				532253782C7488DC00288635 /* ThirdViewController.m */,
				5322535D2C74745500288635 /* Main.storyboard */,
				532253602C74745600288635 /* Assets.xcassets */,
				532253622C74745600288635 /* LaunchScreen.storyboard */,
				532253652C74745600288635 /* Info.plist */,
				532253662C74745600288635 /* main.m */,
			);
			path = iostoolsdemo;
			sourceTree = "<group>";
		};
		5322536D2C74746F00288635 /* XXTools */ = {
			isa = PBXGroup;
			children = (
				5322537E2C75898A00288635 /* XXAppTool.h */,
				5322537F2C75898A00288635 /* XXAppTool.m */,
				532253812C758CE200288635 /* XXDeviceTool.h */,
				532253822C758CE200288635 /* XXDeviceTool.m */,
				5322536E2C7474D100288635 /* XXViewControllerTool.h */,
				5322536F2C7474D100288635 /* XXViewControllerTool.m */,
				53196C542C7DE7B200669C17 /* XXStringTool.h */,
				53196C552C7DE7B200669C17 /* XXStringTool.m */,
				53196C582C7F0EE900669C17 /* XXKeychainTool.h */,
				53196C592C7F0EE900669C17 /* XXKeychainTool.m */,
			);
			path = XXTools;
			sourceTree = "<group>";
		};
/* End PBXGroup section */

/* Begin PBXNativeTarget section */
		532253502C74745500288635 /* iostoolsdemo */ = {
			isa = PBXNativeTarget;
			buildConfigurationList = 5322536A2C74745600288635 /* Build configuration list for PBXNativeTarget "iostoolsdemo" */;
			buildPhases = (
				5322534D2C74745500288635 /* Sources */,
				5322534E2C74745500288635 /* Frameworks */,
				5322534F2C74745500288635 /* Resources */,
			);
			buildRules = (
			);
			dependencies = (
			);
			name = iostoolsdemo;
			productName = iostoolsdemo;
			productReference = 532253512C74745500288635 /* iostoolsdemo.app */;
			productType = "com.apple.product-type.application";
		};
/* End PBXNativeTarget section */

/* Begin PBXProject section */
		532253492C74745500288635 /* Project object */ = {
			isa = PBXProject;
			attributes = {
				BuildIndependentTargetsInParallel = 1;
				LastUpgradeCheck = 1540;
				TargetAttributes = {
					532253502C74745500288635 = {
						CreatedOnToolsVersion = 15.4;
					};
				};
			};
			buildConfigurationList = 5322534C2C74745500288635 /* Build configuration list for PBXProject "iostoolsdemo" */;
			compatibilityVersion = "Xcode 14.0";
			developmentRegion = en;
			hasScannedForEncodings = 0;
			knownRegions = (
				en,
				Base,
			);
			mainGroup = 532253482C74745500288635;
			productRefGroup = 532253522C74745500288635 /* Products */;
			projectDirPath = "";
			projectRoot = "";
			targets = (
				532253502C74745500288635 /* iostoolsdemo */,
			);
		};
/* End PBXProject section */

/* Begin PBXResourcesBuildPhase section */
		5322534F2C74745500288635 /* Resources */ = {
			isa = PBXResourcesBuildPhase;
			buildActionMask = 2147483647;
			files = (
				532253612C74745600288635 /* Assets.xcassets in Resources */,
				532253642C74745600288635 /* Base in Resources */,
				5322535F2C74745500288635 /* Base in Resources */,
			);
			runOnlyForDeploymentPostprocessing = 0;
		};
/* End PBXResourcesBuildPhase section */

/* Begin PBXSourcesBuildPhase section */
		5322534D2C74745500288635 /* Sources */ = {
			isa = PBXSourcesBuildPhase;
			buildActionMask = 2147483647;
			files = (
				5322535C2C74745500288635 /* ViewController.m in Sources */,
				532253732C7488B500288635 /* FirstViewController.m in Sources */,
				532253792C7488DC00288635 /* ThirdViewController.m in Sources */,
				532253562C74745500288635 /* AppDelegate.m in Sources */,
				5322537C2C748BF900288635 /* CustomViewController.m in Sources */,
				53196C562C7DE7B200669C17 /* XXStringTool.m in Sources */,
				53196C4D2C7DD62A00669C17 /* NSString+XXExtension.m in Sources */,
				532253832C758CE200288635 /* XXDeviceTool.m in Sources */,
				532253762C7488C800288635 /* SecondViewController.m in Sources */,
				532253702C7474D100288635 /* XXViewControllerTool.m in Sources */,
				532253802C75898A00288635 /* XXAppTool.m in Sources */,
				53196C5A2C7F0EE900669C17 /* XXKeychainTool.m in Sources */,
				532253672C74745600288635 /* main.m in Sources */,
				532253592C74745500288635 /* SceneDelegate.m in Sources */,
			);
			runOnlyForDeploymentPostprocessing = 0;
		};
/* End PBXSourcesBuildPhase section */

/* Begin PBXVariantGroup section */
		5322535D2C74745500288635 /* Main.storyboard */ = {
			isa = PBXVariantGroup;
			children = (
				5322535E2C74745500288635 /* Base */,
			);
			name = Main.storyboard;
			sourceTree = "<group>";
		};
		532253622C74745600288635 /* LaunchScreen.storyboard */ = {
			isa = PBXVariantGroup;
			children = (
				532253632C74745600288635 /* Base */,
			);
			name = LaunchScreen.storyboard;
			sourceTree = "<group>";
		};
/* End PBXVariantGroup section */

/* Begin XCBuildConfiguration section */
		532253682C74745600288635 /* Debug */ = {
			isa = XCBuildConfiguration;
			buildSettings = {
				ALWAYS_SEARCH_USER_PATHS = NO;
				ASSETCATALOG_COMPILER_GENERATE_SWIFT_ASSET_SYMBOL_EXTENSIONS = YES;
				CLANG_ANALYZER_NONNULL = YES;
				CLANG_ANALYZER_NUMBER_OBJECT_CONVERSION = YES_AGGRESSIVE;
				CLANG_CXX_LANGUAGE_STANDARD = "gnu++20";
				CLANG_ENABLE_MODULES = YES;
				CLANG_ENABLE_OBJC_ARC = YES;
				CLANG_ENABLE_OBJC_WEAK = YES;
				CLANG_WARN_BLOCK_CAPTURE_AUTORELEASING = YES;
				CLANG_WARN_BOOL_CONVERSION = YES;
				CLANG_WARN_COMMA = YES;
				CLANG_WARN_CONSTANT_CONVERSION = YES;
				CLANG_WARN_DEPRECATED_OBJC_IMPLEMENTATIONS = YES;
				CLANG_WARN_DIRECT_OBJC_ISA_USAGE = YES_ERROR;
				CLANG_WARN_DOCUMENTATION_COMMENTS = YES;
				CLANG_WARN_EMPTY_BODY = YES;
				CLANG_WARN_ENUM_CONVERSION = YES;
				CLANG_WARN_INFINITE_RECURSION = YES;
				CLANG_WARN_INT_CONVERSION = YES;
				CLANG_WARN_NON_LITERAL_NULL_CONVERSION = YES;
				CLANG_WARN_OBJC_IMPLICIT_RETAIN_SELF = YES;
				CLANG_WARN_OBJC_LITERAL_CONVERSION = YES;
				CLANG_WARN_OBJC_ROOT_CLASS = YES_ERROR;
				CLANG_WARN_QUOTED_INCLUDE_IN_FRAMEWORK_HEADER = YES;
				CLANG_WARN_RANGE_LOOP_ANALYSIS = YES;
				CLANG_WARN_STRICT_PROTOTYPES = YES;
				CLANG_WARN_SUSPICIOUS_MOVE = YES;
				CLANG_WARN_UNGUARDED_AVAILABILITY = YES_AGGRESSIVE;
				CLANG_WARN_UNREACHABLE_CODE = YES;
				CLANG_WARN__DUPLICATE_METHOD_MATCH = YES;
				COPY_PHASE_STRIP = NO;
				DEBUG_INFORMATION_FORMAT = dwarf;
				ENABLE_STRICT_OBJC_MSGSEND = YES;
				ENABLE_TESTABILITY = YES;
				ENABLE_USER_SCRIPT_SANDBOXING = YES;
				GCC_C_LANGUAGE_STANDARD = gnu17;
				GCC_DYNAMIC_NO_PIC = NO;
				GCC_NO_COMMON_BLOCKS = YES;
				GCC_OPTIMIZATION_LEVEL = 0;
				GCC_PREPROCESSOR_DEFINITIONS = (
					"DEBUG=1",
					"$(inherited)",
				);
				GCC_WARN_64_TO_32_BIT_CONVERSION = YES;
				GCC_WARN_ABOUT_RETURN_TYPE = YES_ERROR;
				GCC_WARN_UNDECLARED_SELECTOR = YES;
				GCC_WARN_UNINITIALIZED_AUTOS = YES_AGGRESSIVE;
				GCC_WARN_UNUSED_FUNCTION = YES;
				GCC_WARN_UNUSED_VARIABLE = YES;
				IPHONEOS_DEPLOYMENT_TARGET = 17.5;
				LOCALIZATION_PREFERS_STRING_CATALOGS = YES;
				MTL_ENABLE_DEBUG_INFO = INCLUDE_SOURCE;
				MTL_FAST_MATH = YES;
				ONLY_ACTIVE_ARCH = YES;
				SDKROOT = iphoneos;
			};
			name = Debug;
		};
		532253692C74745600288635 /* Release */ = {
			isa = XCBuildConfiguration;
			buildSettings = {
				ALWAYS_SEARCH_USER_PATHS = NO;
				ASSETCATALOG_COMPILER_GENERATE_SWIFT_ASSET_SYMBOL_EXTENSIONS = YES;
				CLANG_ANALYZER_NONNULL = YES;
				CLANG_ANALYZER_NUMBER_OBJECT_CONVERSION = YES_AGGRESSIVE;
				CLANG_CXX_LANGUAGE_STANDARD = "gnu++20";
				CLANG_ENABLE_MODULES = YES;
				CLANG_ENABLE_OBJC_ARC = YES;
				CLANG_ENABLE_OBJC_WEAK = YES;
				CLANG_WARN_BLOCK_CAPTURE_AUTORELEASING = YES;
				CLANG_WARN_BOOL_CONVERSION = YES;
				CLANG_WARN_COMMA = YES;
				CLANG_WARN_CONSTANT_CONVERSION = YES;
				CLANG_WARN_DEPRECATED_OBJC_IMPLEMENTATIONS = YES;
				CLANG_WARN_DIRECT_OBJC_ISA_USAGE = YES_ERROR;
				CLANG_WARN_DOCUMENTATION_COMMENTS = YES;
				CLANG_WARN_EMPTY_BODY = YES;
				CLANG_WARN_ENUM_CONVERSION = YES;
				CLANG_WARN_INFINITE_RECURSION = YES;
				CLANG_WARN_INT_CONVERSION = YES;
				CLANG_WARN_NON_LITERAL_NULL_CONVERSION = YES;
				CLANG_WARN_OBJC_IMPLICIT_RETAIN_SELF = YES;
				CLANG_WARN_OBJC_LITERAL_CONVERSION = YES;
				CLANG_WARN_OBJC_ROOT_CLASS = YES_ERROR;
				CLANG_WARN_QUOTED_INCLUDE_IN_FRAMEWORK_HEADER = YES;
				CLANG_WARN_RANGE_LOOP_ANALYSIS = YES;
				CLANG_WARN_STRICT_PROTOTYPES = YES;
				CLANG_WARN_SUSPICIOUS_MOVE = YES;
				CLANG_WARN_UNGUARDED_AVAILABILITY = YES_AGGRESSIVE;
				CLANG_WARN_UNREACHABLE_CODE = YES;
				CLANG_WARN__DUPLICATE_METHOD_MATCH = YES;
				COPY_PHASE_STRIP = NO;
				DEBUG_INFORMATION_FORMAT = "dwarf-with-dsym";
				ENABLE_NS_ASSERTIONS = NO;
				ENABLE_STRICT_OBJC_MSGSEND = YES;
				ENABLE_USER_SCRIPT_SANDBOXING = YES;
				GCC_C_LANGUAGE_STANDARD = gnu17;
				GCC_NO_COMMON_BLOCKS = YES;
				GCC_WARN_64_TO_32_BIT_CONVERSION = YES;
				GCC_WARN_ABOUT_RETURN_TYPE = YES_ERROR;
				GCC_WARN_UNDECLARED_SELECTOR = YES;
				GCC_WARN_UNINITIALIZED_AUTOS = YES_AGGRESSIVE;
				GCC_WARN_UNUSED_FUNCTION = YES;
				GCC_WARN_UNUSED_VARIABLE = YES;
				IPHONEOS_DEPLOYMENT_TARGET = 17.5;
				LOCALIZATION_PREFERS_STRING_CATALOGS = YES;
				MTL_ENABLE_DEBUG_INFO = NO;
				MTL_FAST_MATH = YES;
				SDKROOT = iphoneos;
				VALIDATE_PRODUCT = YES;
			};
			name = Release;
		};
		5322536B2C74745600288635 /* Debug */ = {
			isa = XCBuildConfiguration;
			buildSettings = {
				ASSETCATALOG_COMPILER_APPICON_NAME = AppIcon;
				ASSETCATALOG_COMPILER_GLOBAL_ACCENT_COLOR_NAME = AccentColor;
				CODE_SIGN_STYLE = Automatic;
				CURRENT_PROJECT_VERSION = 1;
				DEVELOPMENT_TEAM = 4U8VBPESRN;
				GENERATE_INFOPLIST_FILE = YES;
				INFOPLIST_FILE = iostoolsdemo/Info.plist;
				INFOPLIST_KEY_UIApplicationSupportsIndirectInputEvents = YES;
				INFOPLIST_KEY_UILaunchStoryboardName = LaunchScreen;
				INFOPLIST_KEY_UIMainStoryboardFile = Main;
				INFOPLIST_KEY_UISupportedInterfaceOrientations = UIInterfaceOrientationPortrait;
				IPHONEOS_DEPLOYMENT_TARGET = 13.0;
				LD_RUNPATH_SEARCH_PATHS = (
					"$(inherited)",
					"@executable_path/Frameworks",
				);
				MARKETING_VERSION = 1.0;
				PRODUCT_BUNDLE_IDENTIFIER = com.wxx.iostoolsdemo;
				PRODUCT_NAME = "$(TARGET_NAME)";
				SWIFT_EMIT_LOC_STRINGS = YES;
				TARGETED_DEVICE_FAMILY = "1,2";
			};
			name = Debug;
		};
		5322536C2C74745600288635 /* Release */ = {
			isa = XCBuildConfiguration;
			buildSettings = {
				ASSETCATALOG_COMPILER_APPICON_NAME = AppIcon;
				ASSETCATALOG_COMPILER_GLOBAL_ACCENT_COLOR_NAME = AccentColor;
				CODE_SIGN_STYLE = Automatic;
				CURRENT_PROJECT_VERSION = 1;
				DEVELOPMENT_TEAM = 4U8VBPESRN;
				GENERATE_INFOPLIST_FILE = YES;
				INFOPLIST_FILE = iostoolsdemo/Info.plist;
				INFOPLIST_KEY_UIApplicationSupportsIndirectInputEvents = YES;
				INFOPLIST_KEY_UILaunchStoryboardName = LaunchScreen;
				INFOPLIST_KEY_UIMainStoryboardFile = Main;
				INFOPLIST_KEY_UISupportedInterfaceOrientations = UIInterfaceOrientationPortrait;
				IPHONEOS_DEPLOYMENT_TARGET = 13.0;
				LD_RUNPATH_SEARCH_PATHS = (
					"$(inherited)",
					"@executable_path/Frameworks",
				);
				MARKETING_VERSION = 1.0;
				PRODUCT_BUNDLE_IDENTIFIER = com.wxx.iostoolsdemo;
				PRODUCT_NAME = "$(TARGET_NAME)";
				SWIFT_EMIT_LOC_STRINGS = YES;
				TARGETED_DEVICE_FAMILY = "1,2";
			};
			name = Release;
		};
/* End XCBuildConfiguration section */

/* Begin XCConfigurationList section */
		5322534C2C74745500288635 /* Build configuration list for PBXProject "iostoolsdemo" */ = {
			isa = XCConfigurationList;
			buildConfigurations = (
				532253682C74745600288635 /* Debug */,
				532253692C74745600288635 /* Release */,
			);
			defaultConfigurationIsVisible = 0;
			defaultConfigurationName = Release;
		};
		5322536A2C74745600288635 /* Build configuration list for PBXNativeTarget "iostoolsdemo" */ = {
			isa = XCConfigurationList;
			buildConfigurations = (
				5322536B2C74745600288635 /* Debug */,
				5322536C2C74745600288635 /* Release */,
			);
			defaultConfigurationIsVisible = 0;
			defaultConfigurationName = Release;
		};
/* End XCConfigurationList section */
	};
	rootObject = 532253492C74745500288635 /* Project object */;
}
